
Microsoft Visual Studio Solution File, Format Version 12.00
# Visual Studio Version 16
VisualStudioVersion = 16.0.29102.190
MinimumVisualStudioVersion = 10.0.40219.1
Project("{2150E333-8FDC-42A3-9474-1A3956D46DE8}") = "0 - Dominio", "0 - Dominio", "{548E2F21-C938-40A0-B3DF-0D600E0CD40F}"
EndProject
Project("{2150E333-8FDC-42A3-9474-1A3956D46DE8}") = "1 - Infra", "1 - Infra", "{9BF764C3-ED0F-456A-B212-7A4EEC1B2CA0}"
EndProject
Project("{2150E333-8FDC-42A3-9474-1A3956D46DE8}") = "0.1 - Entidades", "0.1 - Entidades", "{B97C11A9-9D07-4797-B5FB-8EC2787964D6}"
EndProject
Project("{2150E333-8FDC-42A3-9474-1A3956D46DE8}") = "0.2 - Repositorios", "0.2 - Repositorios", "{2BD11C5C-D6DD-4204-9202-8AC3DA58300E}"
EndProject
Project("{2150E333-8FDC-42A3-9474-1A3956D46DE8}") = "0.3 - ServicoAplicacao", "0.3 - ServicoAplicacao", "{55690722-4C2F-4AB5-A1BD-F0A5545A60EA}"
EndProject
Project("{9A19103F-16F7-4668-BE54-9A1E7A4F7556}") = "DR.Dominio.Entidades", "DR.Dominio.Entidades\DR.Dominio.Entidades.csproj", "{DAAB9234-4AD3-4DC7-B978-E304FFD79DEE}"
EndProject
Project("{9A19103F-16F7-4668-BE54-9A1E7A4F7556}") = "DR.Dominio.Repositorios", "DR.Dominio.Repositorios\DR.Dominio.Repositorios.csproj", "{EEE4A3B4-3C66-40FE-89F8-B4EE59594CA6}"
EndProject
Project("{9A19103F-16F7-4668-BE54-9A1E7A4F7556}") = "DR.Dominio.ServicosAplicacao", "DR.Dominio.ServicosAplicacao\DR.Dominio.ServicosAplicacao.csproj", "{E000D15A-3BB0-4063-A6FC-E8324D1874CB}"
EndProject
Project("{FAE04EC0-301F-11D3-BF4B-00C04F79EFBC}") = "DR.Infra.Comum", "DR.Infra.Comum\DR.Infra.Comum.csproj", "{47EC6446-F9C0-4EC9-B941-01D9B385453F}"
EndProject
Project("{FAE04EC0-301F-11D3-BF4B-00C04F79EFBC}") = "DR.Infra.InjecaoDependecia", "DR.Infra.InjecaoDependecia\DR.Infra.InjecaoDependecia.csproj", "{AF8FFD58-C7A5-4EB9-9B69-AC186B6AD843}"
EndProject
Project("{2150E333-8FDC-42A3-9474-1A3956D46DE8}") = "1.1 - BancoDeDados", "1.1 - BancoDeDados", "{8B8DB767-F6B0-40A0-A834-F6FB7BC589C2}"
EndProject
Project("{FAE04EC0-301F-11D3-BF4B-00C04F79EFBC}") = "DR.Infra.BD", "DR.Infra.BD\DR.Infra.BD.csproj", "{F722D86F-C379-41E1-8ABC-69FFB3D4913B}"
EndProject
Project("{2150E333-8FDC-42A3-9474-1A3956D46DE8}") = "1.2 - Integracao", "1.2 - Integracao", "{10B74141-1CE9-4009-9E71-90EF75348475}"
EndProject
Project("{FAE04EC0-301F-11D3-BF4B-00C04F79EFBC}") = "DR.Infra.Repositorios", "DR.Infra.Repositorios\DR.Infra.Repositorios.csproj", "{43CBF75C-B7FB-482A-BD24-5B0946783D82}"
EndProject
Project("{FAE04EC0-301F-11D3-BF4B-00C04F79EFBC}") = "DR.Infra.Integracao", "DR.Infra.Integracao\DR.Infra.Integracao.csproj", "{1CAFC13E-39E8-4360-893A-4C70E1DBA130}"
EndProject
Global
	GlobalSection(SolutionConfigurationPlatforms) = preSolution
		Debug|Any CPU = Debug|Any CPU
		Release|Any CPU = Release|Any CPU
	EndGlobalSection
	GlobalSection(ProjectConfigurationPlatforms) = postSolution
		{DAAB9234-4AD3-4DC7-B978-E304FFD79DEE}.Debug|Any CPU.ActiveCfg = Debug|Any CPU
		{DAAB9234-4AD3-4DC7-B978-E304FFD79DEE}.Debug|Any CPU.Build.0 = Debug|Any CPU
		{DAAB9234-4AD3-4DC7-B978-E304FFD79DEE}.Release|Any CPU.ActiveCfg = Release|Any CPU
		{DAAB9234-4AD3-4DC7-B978-E304FFD79DEE}.Release|Any CPU.Build.0 = Release|Any CPU
		{EEE4A3B4-3C66-40FE-89F8-B4EE59594CA6}.Debug|Any CPU.ActiveCfg = Debug|Any CPU
		{EEE4A3B4-3C66-40FE-89F8-B4EE59594CA6}.Debug|Any CPU.Build.0 = Debug|Any CPU
		{EEE4A3B4-3C66-40FE-89F8-B4EE59594CA6}.Release|Any CPU.ActiveCfg = Release|Any CPU
		{EEE4A3B4-3C66-40FE-89F8-B4EE59594CA6}.Release|Any CPU.Build.0 = Release|Any CPU
		{E000D15A-3BB0-4063-A6FC-E8324D1874CB}.Debug|Any CPU.ActiveCfg = Debug|Any CPU
		{E000D15A-3BB0-4063-A6FC-E8324D1874CB}.Debug|Any CPU.Build.0 = Debug|Any CPU
		{E000D15A-3BB0-4063-A6FC-E8324D1874CB}.Release|Any CPU.ActiveCfg = Release|Any CPU
		{E000D15A-3BB0-4063-A6FC-E8324D1874CB}.Release|Any CPU.Build.0 = Release|Any CPU
		{47EC6446-F9C0-4EC9-B941-01D9B385453F}.Debug|Any CPU.ActiveCfg = Debug|Any CPU
		{47EC6446-F9C0-4EC9-B941-01D9B385453F}.Debug|Any CPU.Build.0 = Debug|Any CPU
		{47EC6446-F9C0-4EC9-B941-01D9B385453F}.Release|Any CPU.ActiveCfg = Release|Any CPU
		{47EC6446-F9C0-4EC9-B941-01D9B385453F}.Release|Any CPU.Build.0 = Release|Any CPU
		{AF8FFD58-C7A5-4EB9-9B69-AC186B6AD843}.Debug|Any CPU.ActiveCfg = Debug|Any CPU
		{AF8FFD58-C7A5-4EB9-9B69-AC186B6AD843}.Debug|Any CPU.Build.0 = Debug|Any CPU
		{AF8FFD58-C7A5-4EB9-9B69-AC186B6AD843}.Release|Any CPU.ActiveCfg = Release|Any CPU
		{AF8FFD58-C7A5-4EB9-9B69-AC186B6AD843}.Release|Any CPU.Build.0 = Release|Any CPU
		{F722D86F-C379-41E1-8ABC-69FFB3D4913B}.Debug|Any CPU.ActiveCfg = Debug|Any CPU
		{F722D86F-C379-41E1-8ABC-69FFB3D4913B}.Debug|Any CPU.Build.0 = Debug|Any CPU
		{F722D86F-C379-41E1-8ABC-69FFB3D4913B}.Release|Any CPU.ActiveCfg = Release|Any CPU
		{F722D86F-C379-41E1-8ABC-69FFB3D4913B}.Release|Any CPU.Build.0 = Release|Any CPU
		{43CBF75C-B7FB-482A-BD24-5B0946783D82}.Debug|Any CPU.ActiveCfg = Debug|Any CPU
		{43CBF75C-B7FB-482A-BD24-5B0946783D82}.Debug|Any CPU.Build.0 = Debug|Any CPU
		{43CBF75C-B7FB-482A-BD24-5B0946783D82}.Release|Any CPU.ActiveCfg = Release|Any CPU
		{43CBF75C-B7FB-482A-BD24-5B0946783D82}.Release|Any CPU.Build.0 = Release|Any CPU
		{1CAFC13E-39E8-4360-893A-4C70E1DBA130}.Debug|Any CPU.ActiveCfg = Debug|Any CPU
		{1CAFC13E-39E8-4360-893A-4C70E1DBA130}.Debug|Any CPU.Build.0 = Debug|Any CPU
		{1CAFC13E-39E8-4360-893A-4C70E1DBA130}.Release|Any CPU.ActiveCfg = Release|Any CPU
		{1CAFC13E-39E8-4360-893A-4C70E1DBA130}.Release|Any CPU.Build.0 = Release|Any CPU
	EndGlobalSection
	GlobalSection(SolutionProperties) = preSolution
		HideSolutionNode = FALSE
	EndGlobalSection
	GlobalSection(NestedProjects) = preSolution
		{B97C11A9-9D07-4797-B5FB-8EC2787964D6} = {548E2F21-C938-40A0-B3DF-0D600E0CD40F}
		{2BD11C5C-D6DD-4204-9202-8AC3DA58300E} = {548E2F21-C938-40A0-B3DF-0D600E0CD40F}
		{55690722-4C2F-4AB5-A1BD-F0A5545A60EA} = {548E2F21-C938-40A0-B3DF-0D600E0CD40F}
		{DAAB9234-4AD3-4DC7-B978-E304FFD79DEE} = {B97C11A9-9D07-4797-B5FB-8EC2787964D6}
		{EEE4A3B4-3C66-40FE-89F8-B4EE59594CA6} = {2BD11C5C-D6DD-4204-9202-8AC3DA58300E}
		{E000D15A-3BB0-4063-A6FC-E8324D1874CB} = {55690722-4C2F-4AB5-A1BD-F0A5545A60EA}
		{47EC6446-F9C0-4EC9-B941-01D9B385453F} = {9BF764C3-ED0F-456A-B212-7A4EEC1B2CA0}
		{AF8FFD58-C7A5-4EB9-9B69-AC186B6AD843} = {9BF764C3-ED0F-456A-B212-7A4EEC1B2CA0}
		{8B8DB767-F6B0-40A0-A834-F6FB7BC589C2} = {9BF764C3-ED0F-456A-B212-7A4EEC1B2CA0}
		{F722D86F-C379-41E1-8ABC-69FFB3D4913B} = {8B8DB767-F6B0-40A0-A834-F6FB7BC589C2}
		{10B74141-1CE9-4009-9E71-90EF75348475} = {9BF764C3-ED0F-456A-B212-7A4EEC1B2CA0}
		{43CBF75C-B7FB-482A-BD24-5B0946783D82} = {9BF764C3-ED0F-456A-B212-7A4EEC1B2CA0}
		{1CAFC13E-39E8-4360-893A-4C70E1DBA130} = {10B74141-1CE9-4009-9E71-90EF75348475}
	EndGlobalSection
	GlobalSection(ExtensibilityGlobals) = postSolution
		SolutionGuid = {F81CAD6A-E7B8-4BE2-9027-C98B27A0508B}
	EndGlobalSection
EndGlobal
